
Microsoft Visual Studio Solution File, Format Version 12.00
# Visual Studio Version 17
VisualStudioVersion = 17.0.31903.59
MinimumVisualStudioVersion = 10.0.40219.1
Project("{9A19103F-16F7-4668-BE54-9A1E7A4F7556}") = "Bitstamp.Net", "Bitstamp.Net\Bitstamp.Net.csproj", "{1F12E40B-0A55-4B1B-AFD4-D2647EFAD767}"
EndProject
Project("{9A19103F-16F7-4668-BE54-9A1E7A4F7556}") = "CryptoControlCenter.Common", "CryptoControlCenter.Common\CryptoControlCenter.Common.csproj", "{9B11598F-2521-4488-B92F-3627176DCDAB}"
EndProject
Project("{9A19103F-16F7-4668-BE54-9A1E7A4F7556}") = "CryptoControlCenter.Common.UnitTests", "CryptoControlCenter.Common.UnitTests\CryptoControlCenter.Common.UnitTests.csproj", "{11F6694B-2448-4B22-8375-296AAAB342B4}"
EndProject
Project("{2150E333-8FDC-42A3-9474-1A3956D46DE8}") = "Solution Items", "Solution Items", "{A8B181A5-BF63-4B99-AF5D-39E94319B465}"
	ProjectSection(SolutionItems) = preProject
		LICENSE.MD = LICENSE.MD
		README.MD = README.MD
	EndProjectSection
EndProject
Project("{9A19103F-16F7-4668-BE54-9A1E7A4F7556}") = "CryptoControlCenter.WPF", "CryptoControlCenter.WPF\CryptoControlCenter.WPF.csproj", "{C77A904D-4977-4CDF-A278-9ADC4DF35C89}"
EndProject
Project("{2150E333-8FDC-42A3-9474-1A3956D46DE8}") = "Installer", "Installer", "{3F6F7C3C-BF9D-4077-857C-A5DC5026C3C5}"
	ProjectSection(SolutionItems) = preProject
		Installer\.gitattributes = Installer\.gitattributes
	EndProjectSection
EndProject
Global
	GlobalSection(SolutionConfigurationPlatforms) = preSolution
		Debug|Any CPU = Debug|Any CPU
		Release|Any CPU = Release|Any CPU
	EndGlobalSection
	GlobalSection(ProjectConfigurationPlatforms) = postSolution
		{1F12E40B-0A55-4B1B-AFD4-D2647EFAD767}.Debug|Any CPU.ActiveCfg = Debug|Any CPU
		{1F12E40B-0A55-4B1B-AFD4-D2647EFAD767}.Debug|Any CPU.Build.0 = Debug|Any CPU
		{1F12E40B-0A55-4B1B-AFD4-D2647EFAD767}.Release|Any CPU.ActiveCfg = Release|Any CPU
		{1F12E40B-0A55-4B1B-AFD4-D2647EFAD767}.Release|Any CPU.Build.0 = Release|Any CPU
		{9B11598F-2521-4488-B92F-3627176DCDAB}.Debug|Any CPU.ActiveCfg = Debug|Any CPU
		{9B11598F-2521-4488-B92F-3627176DCDAB}.Debug|Any CPU.Build.0 = Debug|Any CPU
		{9B11598F-2521-4488-B92F-3627176DCDAB}.Release|Any CPU.ActiveCfg = Release|Any CPU
		{9B11598F-2521-4488-B92F-3627176DCDAB}.Release|Any CPU.Build.0 = Release|Any CPU
		{11F6694B-2448-4B22-8375-296AAAB342B4}.Debug|Any CPU.ActiveCfg = Debug|Any CPU
		{11F6694B-2448-4B22-8375-296AAAB342B4}.Debug|Any CPU.Build.0 = Debug|Any CPU
		{11F6694B-2448-4B22-8375-296AAAB342B4}.Release|Any CPU.ActiveCfg = Release|Any CPU
		{11F6694B-2448-4B22-8375-296AAAB342B4}.Release|Any CPU.Build.0 = Release|Any CPU
		{C77A904D-4977-4CDF-A278-9ADC4DF35C89}.Debug|Any CPU.ActiveCfg = Debug|Any CPU
		{C77A904D-4977-4CDF-A278-9ADC4DF35C89}.Debug|Any CPU.Build.0 = Debug|Any CPU
		{C77A904D-4977-4CDF-A278-9ADC4DF35C89}.Release|Any CPU.ActiveCfg = Release|Any CPU
		{C77A904D-4977-4CDF-A278-9ADC4DF35C89}.Release|Any CPU.Build.0 = Release|Any CPU
	EndGlobalSection
	GlobalSection(SolutionProperties) = preSolution
		HideSolutionNode = FALSE
	EndGlobalSection
	GlobalSection(ExtensibilityGlobals) = postSolution
		SolutionGuid = {913A2A55-4D34-4BF3-AD26-B950F4FD18EA}
	EndGlobalSection
EndGlobal
